// !$*UTF8*$!
{
	archiveVersion = 1;
	classes = {
	};
	objectVersion = 46;
	objects = {

/* Begin PBXBuildFile section */
		F72B09281EE8535E007FE00D /* main.cpp in Sources */ = {isa = PBXBuildFile; fileRef = F72B09271EE8535E007FE00D /* main.cpp */; };
		F72B09301EEA8C27007FE00D /* libmpi.20.dylib in Frameworks */ = {isa = PBXBuildFile; fileRef = F72B092F1EEA8C27007FE00D /* libmpi.20.dylib */; };
/* End PBXBuildFile section */

/* Begin PBXCopyFilesBuildPhase section */
		F72B09221EE8535E007FE00D /* CopyFiles */ = {
			isa = PBXCopyFilesBuildPhase;
			buildActionMask = 2147483647;
			dstPath = /usr/share/man/man1/;
			dstSubfolderSpec = 0;
			files = (
			);
			runOnlyForDeploymentPostprocessing = 1;
		};
/* End PBXCopyFilesBuildPhase section */

/* Begin PBXFileReference section */
		F72B09241EE8535E007FE00D /* openMPI */ = {isa = PBXFileReference; explicitFileType = "compiled.mach-o.executable"; includeInIndex = 0; path = openMPI; sourceTree = BUILT_PRODUCTS_DIR; };
		F72B09271EE8535E007FE00D /* main.cpp */ = {isa = PBXFileReference; lastKnownFileType = sourcecode.cpp.cpp; path = main.cpp; sourceTree = "<group>"; };
		F72B092F1EEA8C27007FE00D /* libmpi.20.dylib */ = {isa = PBXFileReference; lastKnownFileType = "compiled.mach-o.dylib"; name = libmpi.20.dylib; path = ../../../../../usr/local/lib/libmpi.20.dylib; sourceTree = "<group>"; };
/* End PBXFileReference section */

/* Begin PBXFrameworksBuildPhase section */
		F72B09211EE8535E007FE00D /* Frameworks */ = {
			isa = PBXFrameworksBuildPhase;
			buildActionMask = 2147483647;
			files = (
				F72B09301EEA8C27007FE00D /* libmpi.20.dylib in Frameworks */,
			);
			runOnlyForDeploymentPostprocessing = 0;
		};
/* End PBXFrameworksBuildPhase section */

/* Begin PBXGroup section */
		F72B091B1EE8535E007FE00D = {
			isa = PBXGroup;
			children = (
				F72B09261EE8535E007FE00D /* openMPI */,
				F72B09251EE8535E007FE00D /* Products */,
				F72B092E1EEA8C27007FE00D /* Frameworks */,
			);
			sourceTree = "<group>";
		};
		F72B09251EE8535E007FE00D /* Products */ = {
			isa = PBXGroup;
			children = (
				F72B09241EE8535E007FE00D /* openMPI */,
			);
			name = Products;
			sourceTree = "<group>";
		};
		F72B09261EE8535E007FE00D /* openMPI */ = {
			isa = PBXGroup;
			children = (
				F72B09271EE8535E007FE00D /* main.cpp */,
			);
			path = openMPI;
			sourceTree = "<group>";
		};
		F72B092E1EEA8C27007FE00D /* Frameworks */ = {
			isa = PBXGroup;
			children = (
				F72B092F1EEA8C27007FE00D /* libmpi.20.dylib */,
			);
			name = Frameworks;
			sourceTree = "<group>";
		};
/* End PBXGroup section */

/* Begin PBXNativeTarget section */
		F72B09231EE8535E007FE00D /* openMPI */ = {
			isa = PBXNativeTarget;
			buildConfigurationList = F72B092B1EE8535E007FE00D /* Build configuration list for PBXNativeTarget "openMPI" */;
			buildPhases = (
				F72B09201EE8535E007FE00D /* Sources */,
				F72B09211EE8535E007FE00D /* Frameworks */,
				F72B09221EE8535E007FE00D /* CopyFiles */,
			);
			buildRules = (
			);
			dependencies = (
			);
			name = openMPI;
			productName = openMPI;
			productReference = F72B09241EE8535E007FE00D /* openMPI */;
			productType = "com.apple.product-type.tool";
		};
/* End PBXNativeTarget section */

/* Begin PBXProject section */
		F72B091C1EE8535E007FE00D /* Project object */ = {
			isa = PBXProject;
			attributes = {
				LastUpgradeCheck = 0830;
				ORGANIZATIONNAME = "Paweł Szudrowicz";
				TargetAttributes = {
					F72B09231EE8535E007FE00D = {
						CreatedOnToolsVersion = 8.3.2;
						DevelopmentTeam = 276JFTHA68;
						ProvisioningStyle = Automatic;
					};
				};
			};
			buildConfigurationList = F72B091F1EE8535E007FE00D /* Build configuration list for PBXProject "openMPI" */;
			compatibilityVersion = "Xcode 3.2";
			developmentRegion = English;
			hasScannedForEncodings = 0;
			knownRegions = (
				en,
			);
			mainGroup = F72B091B1EE8535E007FE00D;
			productRefGroup = F72B09251EE8535E007FE00D /* Products */;
			projectDirPath = "";
			projectRoot = "";
			targets = (
				F72B09231EE8535E007FE00D /* openMPI */,
			);
		};
/* End PBXProject section */

/* Begin PBXSourcesBuildPhase section */
		F72B09201EE8535E007FE00D /* Sources */ = {
			isa = PBXSourcesBuildPhase;
			buildActionMask = 2147483647;
			files = (
				F72B09281EE8535E007FE00D /* main.cpp in Sources */,
			);
			runOnlyForDeploymentPostprocessing = 0;
		};
/* End PBXSourcesBuildPhase section */

/* Begin XCBuildConfiguration section */
		F72B09291EE8535E007FE00D /* Debug */ = {
			isa = XCBuildConfiguration;
			buildSettings = {
				ALWAYS_SEARCH_USER_PATHS = NO;
				CLANG_ANALYZER_NONNULL = YES;
				CLANG_ANALYZER_NUMBER_OBJECT_CONVERSION = YES_AGGRESSIVE;
				CLANG_CXX_LANGUAGE_STANDARD = "gnu++0x";
				CLANG_CXX_LIBRARY = "libc++";
				CLANG_ENABLE_MODULES = YES;
				CLANG_ENABLE_OBJC_ARC = YES;
				CLANG_WARN_BOOL_CONVERSION = YES;
				CLANG_WARN_CONSTANT_CONVERSION = YES;
				CLANG_WARN_DIRECT_OBJC_ISA_USAGE = YES_ERROR;
				CLANG_WARN_DOCUMENTATION_COMMENTS = YES;
				CLANG_WARN_EMPTY_BODY = YES;
				CLANG_WARN_ENUM_CONVERSION = YES;
				CLANG_WARN_INFINITE_RECURSION = YES;
				CLANG_WARN_INT_CONVERSION = YES;
				CLANG_WARN_OBJC_ROOT_CLASS = YES_ERROR;
				CLANG_WARN_SUSPICIOUS_MOVE = YES;
				CLANG_WARN_UNREACHABLE_CODE = YES;
				CLANG_WARN__DUPLICATE_METHOD_MATCH = YES;
				CODE_SIGN_IDENTITY = "-";
				COPY_PHASE_STRIP = NO;
				DEBUG_INFORMATION_FORMAT = dwarf;
				ENABLE_STRICT_OBJC_MSGSEND = YES;
				ENABLE_TESTABILITY = YES;
				GCC_C_LANGUAGE_STANDARD = gnu99;
				GCC_DYNAMIC_NO_PIC = NO;
				GCC_NO_COMMON_BLOCKS = YES;
				GCC_OPTIMIZATION_LEVEL = 0;
				GCC_PREPROCESSOR_DEFINITIONS = (
					"DEBUG=1",
					"$(inherited)",
				);
				GCC_WARN_64_TO_32_BIT_CONVERSION = YES;
				GCC_WARN_ABOUT_RETURN_TYPE = YES_ERROR;
				GCC_WARN_UNDECLARED_SELECTOR = YES;
				GCC_WARN_UNINITIALIZED_AUTOS = YES_AGGRESSIVE;
				GCC_WARN_UNUSED_FUNCTION = YES;
				GCC_WARN_UNUSED_VARIABLE = YES;
				MACOSX_DEPLOYMENT_TARGET = 10.12;
				MTL_ENABLE_DEBUG_INFO = YES;
				ONLY_ACTIVE_ARCH = YES;
				SDKROOT = macosx;
			};
			name = Debug;
		};
		F72B092A1EE8535E007FE00D /* Release */ = {
			isa = XCBuildConfiguration;
			buildSettings = {
				ALWAYS_SEARCH_USER_PATHS = NO;
				CLANG_ANALYZER_NONNULL = YES;
				CLANG_ANALYZER_NUMBER_OBJECT_CONVERSION = YES_AGGRESSIVE;
				CLANG_CXX_LANGUAGE_STANDARD = "gnu++0x";
				CLANG_CXX_LIBRARY = "libc++";
				CLANG_ENABLE_MODULES = YES;
				CLANG_ENABLE_OBJC_ARC = YES;
				CLANG_WARN_BOOL_CONVERSION = YES;
				CLANG_WARN_CONSTANT_CONVERSION = YES;
				CLANG_WARN_DIRECT_OBJC_ISA_USAGE = YES_ERROR;
				CLANG_WARN_DOCUMENTATION_COMMENTS = YES;
				CLANG_WARN_EMPTY_BODY = YES;
				CLANG_WARN_ENUM_CONVERSION = YES;
				CLANG_WARN_INFINITE_RECURSION = YES;
				CLANG_WARN_INT_CONVERSION = YES;
				CLANG_WARN_OBJC_ROOT_CLASS = YES_ERROR;
				CLANG_WARN_SUSPICIOUS_MOVE = YES;
				CLANG_WARN_UNREACHABLE_CODE = YES;
				CLANG_WARN__DUPLICATE_METHOD_MATCH = YES;
				CODE_SIGN_IDENTITY = "-";
				COPY_PHASE_STRIP = NO;
				DEBUG_INFORMATION_FORMAT = "dwarf-with-dsym";
				ENABLE_NS_ASSERTIONS = NO;
				ENABLE_STRICT_OBJC_MSGSEND = YES;
				GCC_C_LANGUAGE_STANDARD = gnu99;
				GCC_NO_COMMON_BLOCKS = YES;
				GCC_WARN_64_TO_32_BIT_CONVERSION = YES;
				GCC_WARN_ABOUT_RETURN_TYPE = YES_ERROR;
				GCC_WARN_UNDECLARED_SELECTOR = YES;
				GCC_WARN_UNINITIALIZED_AUTOS = YES_AGGRESSIVE;
				GCC_WARN_UNUSED_FUNCTION = YES;
				GCC_WARN_UNUSED_VARIABLE = YES;
				MACOSX_DEPLOYMENT_TARGET = 10.12;
				MTL_ENABLE_DEBUG_INFO = NO;
				SDKROOT = macosx;
			};
			name = Release;
		};
		F72B092C1EE8535E007FE00D /* Debug */ = {
			isa = XCBuildConfiguration;
			buildSettings = {
				DEVELOPMENT_TEAM = 276JFTHA68;
				LIBRARY_SEARCH_PATHS = /usr/local/lib;
				PRODUCT_NAME = "$(TARGET_NAME)";
				USER_HEADER_SEARCH_PATHS = /usr/local/include;
			};
			name = Debug;
		};
		F72B092D1EE8535E007FE00D /* Release */ = {
			isa = XCBuildConfiguration;
			buildSettings = {
				DEVELOPMENT_TEAM = 276JFTHA68;
				LIBRARY_SEARCH_PATHS = /usr/local/lib;
				PRODUCT_NAME = "$(TARGET_NAME)";
				USER_HEADER_SEARCH_PATHS = /usr/local/include;
			};
			name = Release;
		};
/* End XCBuildConfiguration section */

/* Begin XCConfigurationList section */
		F72B091F1EE8535E007FE00D /* Build configuration list for PBXProject "openMPI" */ = {
			isa = XCConfigurationList;
			buildConfigurations = (
				F72B09291EE8535E007FE00D /* Debug */,
				F72B092A1EE8535E007FE00D /* Release */,
			);
			defaultConfigurationIsVisible = 0;
			defaultConfigurationName = Release;
		};
		F72B092B1EE8535E007FE00D /* Build configuration list for PBXNativeTarget "openMPI" */ = {
			isa = XCConfigurationList;
			buildConfigurations = (
				F72B092C1EE8535E007FE00D /* Debug */,
				F72B092D1EE8535E007FE00D /* Release */,
			);
			defaultConfigurationIsVisible = 0;
		};
/* End XCConfigurationList section */
	};
	rootObject = F72B091C1EE8535E007FE00D /* Project object */;
}
